
Microsoft Visual Studio Solution File, Format Version 12.00
# Visual Studio Version 16
VisualStudioVersion = 16.0.30503.244
MinimumVisualStudioVersion = 10.0.40219.1
Project("{FAE04EC0-301F-11D3-BF4B-00C04F79EFBC}") = "programming-timer", "programming-timer\programming-timer.csproj", "{04F780F6-D99B-4DD9-A9DD-565CE1608632}"
EndProject
Global
	GlobalSection(SolutionConfigurationPlatforms) = preSolution
		Debug|Any CPU = Debug|Any CPU
		Release|Any CPU = Release|Any CPU
	EndGlobalSection
	GlobalSection(ProjectConfigurationPlatforms) = postSolution
		{04F780F6-D99B-4DD9-A9DD-565CE1608632}.Debug|Any CPU.ActiveCfg = Debug|Any CPU
		{04F780F6-D99B-4DD9-A9DD-565CE1608632}.Debug|Any CPU.Build.0 = Debug|Any CPU
		{04F780F6-D99B-4DD9-A9DD-565CE1608632}.Release|Any CPU.ActiveCfg = Release|Any CPU
		{04F780F6-D99B-4DD9-A9DD-565CE1608632}.Release|Any CPU.Build.0 = Release|Any CPU
	EndGlobalSection
	GlobalSection(SolutionProperties) = preSolution
		HideSolutionNode = FALSE
	EndGlobalSection
	GlobalSection(ExtensibilityGlobals) = postSolution
		SolutionGuid = {1DC4EC88-D03D-496F-A108-FBE655A909F8}
	EndGlobalSection
EndGlobal
